
Microsoft Visual Studio Solution File, Format Version 12.00
# Visual Studio 15
VisualStudioVersion = 15.0.26228.10
MinimumVisualStudioVersion = 10.0.40219.1
Project("{FAE04EC0-301F-11D3-BF4B-00C04F79EFBC}") = "WhoWasRightApp.Android", "WhoWasRightApp\WhoWasRightApp.Android\WhoWasRightApp.Android.csproj", "{3BDC2703-A671-469C-B7E3-CEFC411E87AB}"
EndProject
Project("{FAE04EC0-301F-11D3-BF4B-00C04F79EFBC}") = "WhoWasRightApp", "WhoWasRightApp\WhoWasRightApp\WhoWasRightApp.csproj", "{AF38DE64-DA44-4DF5-9C9F-A91B00546883}"
EndProject
Project("{FAE04EC0-301F-11D3-BF4B-00C04F79EFBC}") = "WhoWasRightApp.UWP", "WhoWasRightApp\WhoWasRightApp.UWP\WhoWasRightApp.UWP.csproj", "{A70B89A0-8A28-4EFE-B8EA-94A49B0FF968}"
EndProject
Project("{FAE04EC0-301F-11D3-BF4B-00C04F79EFBC}") = "WhoWasRightApp.iOS", "WhoWasRightApp\WhoWasRightApp.iOS\WhoWasRightApp.iOS.csproj", "{F1E9964D-A59F-41E1-A21A-3959EF382195}"
EndProject
Global
	GlobalSection(SolutionConfigurationPlatforms) = preSolution
		Ad-Hoc|Any CPU = Ad-Hoc|Any CPU
		Ad-Hoc|ARM = Ad-Hoc|ARM
		Ad-Hoc|iPhone = Ad-Hoc|iPhone
		Ad-Hoc|iPhoneSimulator = Ad-Hoc|iPhoneSimulator
		Ad-Hoc|x64 = Ad-Hoc|x64
		Ad-Hoc|x86 = Ad-Hoc|x86
		AppStore|Any CPU = AppStore|Any CPU
		AppStore|ARM = AppStore|ARM
		AppStore|iPhone = AppStore|iPhone
		AppStore|iPhoneSimulator = AppStore|iPhoneSimulator
		AppStore|x64 = AppStore|x64
		AppStore|x86 = AppStore|x86
		Debug|Any CPU = Debug|Any CPU
		Debug|ARM = Debug|ARM
		Debug|iPhone = Debug|iPhone
		Debug|iPhoneSimulator = Debug|iPhoneSimulator
		Debug|x64 = Debug|x64
		Debug|x86 = Debug|x86
		Release|Any CPU = Release|Any CPU
		Release|ARM = Release|ARM
		Release|iPhone = Release|iPhone
		Release|iPhoneSimulator = Release|iPhoneSimulator
		Release|x64 = Release|x64
		Release|x86 = Release|x86
	EndGlobalSection
	GlobalSection(ProjectConfigurationPlatforms) = postSolution
		{3BDC2703-A671-469C-B7E3-CEFC411E87AB}.Ad-Hoc|Any CPU.ActiveCfg = Release|Any CPU
		{3BDC2703-A671-469C-B7E3-CEFC411E87AB}.Ad-Hoc|Any CPU.Build.0 = Release|Any CPU
		{3BDC2703-A671-469C-B7E3-CEFC411E87AB}.Ad-Hoc|Any CPU.Deploy.0 = Release|Any CPU
		{3BDC2703-A671-469C-B7E3-CEFC411E87AB}.Ad-Hoc|ARM.ActiveCfg = Release|Any CPU
		{3BDC2703-A671-469C-B7E3-CEFC411E87AB}.Ad-Hoc|ARM.Build.0 = Release|Any CPU
		{3BDC2703-A671-469C-B7E3-CEFC411E87AB}.Ad-Hoc|ARM.Deploy.0 = Release|Any CPU
		{3BDC2703-A671-469C-B7E3-CEFC411E87AB}.Ad-Hoc|iPhone.ActiveCfg = Release|Any CPU
		{3BDC2703-A671-469C-B7E3-CEFC411E87AB}.Ad-Hoc|iPhone.Build.0 = Release|Any CPU
		{3BDC2703-A671-469C-B7E3-CEFC411E87AB}.Ad-Hoc|iPhone.Deploy.0 = Release|Any CPU
		{3BDC2703-A671-469C-B7E3-CEFC411E87AB}.Ad-Hoc|iPhoneSimulator.ActiveCfg = Release|Any CPU
		{3BDC2703-A671-469C-B7E3-CEFC411E87AB}.Ad-Hoc|iPhoneSimulator.Build.0 = Release|Any CPU
		{3BDC2703-A671-469C-B7E3-CEFC411E87AB}.Ad-Hoc|iPhoneSimulator.Deploy.0 = Release|Any CPU
		{3BDC2703-A671-469C-B7E3-CEFC411E87AB}.Ad-Hoc|x64.ActiveCfg = Release|Any CPU
		{3BDC2703-A671-469C-B7E3-CEFC411E87AB}.Ad-Hoc|x64.Build.0 = Release|Any CPU
		{3BDC2703-A671-469C-B7E3-CEFC411E87AB}.Ad-Hoc|x64.Deploy.0 = Release|Any CPU
		{3BDC2703-A671-469C-B7E3-CEFC411E87AB}.Ad-Hoc|x86.ActiveCfg = Release|Any CPU
		{3BDC2703-A671-469C-B7E3-CEFC411E87AB}.Ad-Hoc|x86.Build.0 = Release|Any CPU
		{3BDC2703-A671-469C-B7E3-CEFC411E87AB}.Ad-Hoc|x86.Deploy.0 = Release|Any CPU
		{3BDC2703-A671-469C-B7E3-CEFC411E87AB}.AppStore|Any CPU.ActiveCfg = Release|Any CPU
		{3BDC2703-A671-469C-B7E3-CEFC411E87AB}.AppStore|Any CPU.Build.0 = Release|Any CPU
		{3BDC2703-A671-469C-B7E3-CEFC411E87AB}.AppStore|Any CPU.Deploy.0 = Release|Any CPU
		{3BDC2703-A671-469C-B7E3-CEFC411E87AB}.AppStore|ARM.ActiveCfg = Release|Any CPU
		{3BDC2703-A671-469C-B7E3-CEFC411E87AB}.AppStore|ARM.Build.0 = Release|Any CPU
		{3BDC2703-A671-469C-B7E3-CEFC411E87AB}.AppStore|ARM.Deploy.0 = Release|Any CPU
		{3BDC2703-A671-469C-B7E3-CEFC411E87AB}.AppStore|iPhone.ActiveCfg = Release|Any CPU
		{3BDC2703-A671-469C-B7E3-CEFC411E87AB}.AppStore|iPhone.Build.0 = Release|Any CPU
		{3BDC2703-A671-469C-B7E3-CEFC411E87AB}.AppStore|iPhone.Deploy.0 = Release|Any CPU
		{3BDC2703-A671-469C-B7E3-CEFC411E87AB}.AppStore|iPhoneSimulator.ActiveCfg = Release|Any CPU
		{3BDC2703-A671-469C-B7E3-CEFC411E87AB}.AppStore|iPhoneSimulator.Build.0 = Release|Any CPU
		{3BDC2703-A671-469C-B7E3-CEFC411E87AB}.AppStore|iPhoneSimulator.Deploy.0 = Release|Any CPU
		{3BDC2703-A671-469C-B7E3-CEFC411E87AB}.AppStore|x64.ActiveCfg = Release|Any CPU
		{3BDC2703-A671-469C-B7E3-CEFC411E87AB}.AppStore|x64.Build.0 = Release|Any CPU
		{3BDC2703-A671-469C-B7E3-CEFC411E87AB}.AppStore|x64.Deploy.0 = Release|Any CPU
		{3BDC2703-A671-469C-B7E3-CEFC411E87AB}.AppStore|x86.ActiveCfg = Release|Any CPU
		{3BDC2703-A671-469C-B7E3-CEFC411E87AB}.AppStore|x86.Build.0 = Release|Any CPU
		{3BDC2703-A671-469C-B7E3-CEFC411E87AB}.AppStore|x86.Deploy.0 = Release|Any CPU
		{3BDC2703-A671-469C-B7E3-CEFC411E87AB}.Debug|Any CPU.ActiveCfg = Debug|Any CPU
		{3BDC2703-A671-469C-B7E3-CEFC411E87AB}.Debug|Any CPU.Build.0 = Debug|Any CPU
		{3BDC2703-A671-469C-B7E3-CEFC411E87AB}.Debug|Any CPU.Deploy.0 = Debug|Any CPU
		{3BDC2703-A671-469C-B7E3-CEFC411E87AB}.Debug|ARM.ActiveCfg = Debug|Any CPU
		{3BDC2703-A671-469C-B7E3-CEFC411E87AB}.Debug|ARM.Build.0 = Debug|Any CPU
		{3BDC2703-A671-469C-B7E3-CEFC411E87AB}.Debug|ARM.Deploy.0 = Debug|Any CPU
		{3BDC2703-A671-469C-B7E3-CEFC411E87AB}.Debug|iPhone.ActiveCfg = Debug|Any CPU
		{3BDC2703-A671-469C-B7E3-CEFC411E87AB}.Debug|iPhone.Build.0 = Debug|Any CPU
		{3BDC2703-A671-469C-B7E3-CEFC411E87AB}.Debug|iPhone.Deploy.0 = Debug|Any CPU
		{3BDC2703-A671-469C-B7E3-CEFC411E87AB}.Debug|iPhoneSimulator.ActiveCfg = Debug|Any CPU
		{3BDC2703-A671-469C-B7E3-CEFC411E87AB}.Debug|iPhoneSimulator.Build.0 = Debug|Any CPU
		{3BDC2703-A671-469C-B7E3-CEFC411E87AB}.Debug|iPhoneSimulator.Deploy.0 = Debug|Any CPU
		{3BDC2703-A671-469C-B7E3-CEFC411E87AB}.Debug|x64.ActiveCfg = Debug|Any CPU
		{3BDC2703-A671-469C-B7E3-CEFC411E87AB}.Debug|x64.Build.0 = Debug|Any CPU
		{3BDC2703-A671-469C-B7E3-CEFC411E87AB}.Debug|x64.Deploy.0 = Debug|Any CPU
		{3BDC2703-A671-469C-B7E3-CEFC411E87AB}.Debug|x86.ActiveCfg = Debug|Any CPU
		{3BDC2703-A671-469C-B7E3-CEFC411E87AB}.Debug|x86.Build.0 = Debug|Any CPU
		{3BDC2703-A671-469C-B7E3-CEFC411E87AB}.Debug|x86.Deploy.0 = Debug|Any CPU
		{3BDC2703-A671-469C-B7E3-CEFC411E87AB}.Release|Any CPU.ActiveCfg = Release|Any CPU
		{3BDC2703-A671-469C-B7E3-CEFC411E87AB}.Release|Any CPU.Build.0 = Release|Any CPU
		{3BDC2703-A671-469C-B7E3-CEFC411E87AB}.Release|Any CPU.Deploy.0 = Release|Any CPU
		{3BDC2703-A671-469C-B7E3-CEFC411E87AB}.Release|ARM.ActiveCfg = Release|Any CPU
		{3BDC2703-A671-469C-B7E3-CEFC411E87AB}.Release|ARM.Build.0 = Release|Any CPU
		{3BDC2703-A671-469C-B7E3-CEFC411E87AB}.Release|ARM.Deploy.0 = Release|Any CPU
		{3BDC2703-A671-469C-B7E3-CEFC411E87AB}.Release|iPhone.ActiveCfg = Release|Any CPU
		{3BDC2703-A671-469C-B7E3-CEFC411E87AB}.Release|iPhone.Build.0 = Release|Any CPU
		{3BDC2703-A671-469C-B7E3-CEFC411E87AB}.Release|iPhone.Deploy.0 = Release|Any CPU
		{3BDC2703-A671-469C-B7E3-CEFC411E87AB}.Release|iPhoneSimulator.ActiveCfg = Release|Any CPU
		{3BDC2703-A671-469C-B7E3-CEFC411E87AB}.Release|iPhoneSimulator.Build.0 = Release|Any CPU
		{3BDC2703-A671-469C-B7E3-CEFC411E87AB}.Release|iPhoneSimulator.Deploy.0 = Release|Any CPU
		{3BDC2703-A671-469C-B7E3-CEFC411E87AB}.Release|x64.ActiveCfg = Release|Any CPU
		{3BDC2703-A671-469C-B7E3-CEFC411E87AB}.Release|x64.Build.0 = Release|Any CPU
		{3BDC2703-A671-469C-B7E3-CEFC411E87AB}.Release|x64.Deploy.0 = Release|Any CPU
		{3BDC2703-A671-469C-B7E3-CEFC411E87AB}.Release|x86.ActiveCfg = Release|Any CPU
		{3BDC2703-A671-469C-B7E3-CEFC411E87AB}.Release|x86.Build.0 = Release|Any CPU
		{3BDC2703-A671-469C-B7E3-CEFC411E87AB}.Release|x86.Deploy.0 = Release|Any CPU
		{AF38DE64-DA44-4DF5-9C9F-A91B00546883}.Ad-Hoc|Any CPU.ActiveCfg = Release|Any CPU
		{AF38DE64-DA44-4DF5-9C9F-A91B00546883}.Ad-Hoc|Any CPU.Build.0 = Release|Any CPU
		{AF38DE64-DA44-4DF5-9C9F-A91B00546883}.Ad-Hoc|ARM.ActiveCfg = Release|Any CPU
		{AF38DE64-DA44-4DF5-9C9F-A91B00546883}.Ad-Hoc|ARM.Build.0 = Release|Any CPU
		{AF38DE64-DA44-4DF5-9C9F-A91B00546883}.Ad-Hoc|iPhone.ActiveCfg = Release|Any CPU
		{AF38DE64-DA44-4DF5-9C9F-A91B00546883}.Ad-Hoc|iPhone.Build.0 = Release|Any CPU
		{AF38DE64-DA44-4DF5-9C9F-A91B00546883}.Ad-Hoc|iPhoneSimulator.ActiveCfg = Release|Any CPU
		{AF38DE64-DA44-4DF5-9C9F-A91B00546883}.Ad-Hoc|iPhoneSimulator.Build.0 = Release|Any CPU
		{AF38DE64-DA44-4DF5-9C9F-A91B00546883}.Ad-Hoc|x64.ActiveCfg = Release|Any CPU
		{AF38DE64-DA44-4DF5-9C9F-A91B00546883}.Ad-Hoc|x64.Build.0 = Release|Any CPU
		{AF38DE64-DA44-4DF5-9C9F-A91B00546883}.Ad-Hoc|x86.ActiveCfg = Release|Any CPU
		{AF38DE64-DA44-4DF5-9C9F-A91B00546883}.Ad-Hoc|x86.Build.0 = Release|Any CPU
		{AF38DE64-DA44-4DF5-9C9F-A91B00546883}.AppStore|Any CPU.ActiveCfg = Release|Any CPU
		{AF38DE64-DA44-4DF5-9C9F-A91B00546883}.AppStore|Any CPU.Build.0 = Release|Any CPU
		{AF38DE64-DA44-4DF5-9C9F-A91B00546883}.AppStore|ARM.ActiveCfg = Release|Any CPU
		{AF38DE64-DA44-4DF5-9C9F-A91B00546883}.AppStore|ARM.Build.0 = Release|Any CPU
		{AF38DE64-DA44-4DF5-9C9F-A91B00546883}.AppStore|iPhone.ActiveCfg = Release|Any CPU
		{AF38DE64-DA44-4DF5-9C9F-A91B00546883}.AppStore|iPhone.Build.0 = Release|Any CPU
		{AF38DE64-DA44-4DF5-9C9F-A91B00546883}.AppStore|iPhoneSimulator.ActiveCfg = Release|Any CPU
		{AF38DE64-DA44-4DF5-9C9F-A91B00546883}.AppStore|iPhoneSimulator.Build.0 = Release|Any CPU
		{AF38DE64-DA44-4DF5-9C9F-A91B00546883}.AppStore|x64.ActiveCfg = Release|Any CPU
		{AF38DE64-DA44-4DF5-9C9F-A91B00546883}.AppStore|x64.Build.0 = Release|Any CPU
		{AF38DE64-DA44-4DF5-9C9F-A91B00546883}.AppStore|x86.ActiveCfg = Release|Any CPU
		{AF38DE64-DA44-4DF5-9C9F-A91B00546883}.AppStore|x86.Build.0 = Release|Any CPU
		{AF38DE64-DA44-4DF5-9C9F-A91B00546883}.Debug|Any CPU.ActiveCfg = Debug|Any CPU
		{AF38DE64-DA44-4DF5-9C9F-A91B00546883}.Debug|Any CPU.Build.0 = Debug|Any CPU
		{AF38DE64-DA44-4DF5-9C9F-A91B00546883}.Debug|ARM.ActiveCfg = Debug|Any CPU
		{AF38DE64-DA44-4DF5-9C9F-A91B00546883}.Debug|ARM.Build.0 = Debug|Any CPU
		{AF38DE64-DA44-4DF5-9C9F-A91B00546883}.Debug|iPhone.ActiveCfg = Debug|Any CPU
		{AF38DE64-DA44-4DF5-9C9F-A91B00546883}.Debug|iPhone.Build.0 = Debug|Any CPU
		{AF38DE64-DA44-4DF5-9C9F-A91B00546883}.Debug|iPhoneSimulator.ActiveCfg = Debug|Any CPU
		{AF38DE64-DA44-4DF5-9C9F-A91B00546883}.Debug|iPhoneSimulator.Build.0 = Debug|Any CPU
		{AF38DE64-DA44-4DF5-9C9F-A91B00546883}.Debug|x64.ActiveCfg = Debug|Any CPU
		{AF38DE64-DA44-4DF5-9C9F-A91B00546883}.Debug|x64.Build.0 = Debug|Any CPU
		{AF38DE64-DA44-4DF5-9C9F-A91B00546883}.Debug|x86.ActiveCfg = Debug|Any CPU
		{AF38DE64-DA44-4DF5-9C9F-A91B00546883}.Debug|x86.Build.0 = Debug|Any CPU
		{AF38DE64-DA44-4DF5-9C9F-A91B00546883}.Release|Any CPU.ActiveCfg = Release|Any CPU
		{AF38DE64-DA44-4DF5-9C9F-A91B00546883}.Release|Any CPU.Build.0 = Release|Any CPU
		{AF38DE64-DA44-4DF5-9C9F-A91B00546883}.Release|ARM.ActiveCfg = Release|Any CPU
		{AF38DE64-DA44-4DF5-9C9F-A91B00546883}.Release|ARM.Build.0 = Release|Any CPU
		{AF38DE64-DA44-4DF5-9C9F-A91B00546883}.Release|iPhone.ActiveCfg = Release|Any CPU
		{AF38DE64-DA44-4DF5-9C9F-A91B00546883}.Release|iPhone.Build.0 = Release|Any CPU
		{AF38DE64-DA44-4DF5-9C9F-A91B00546883}.Release|iPhoneSimulator.ActiveCfg = Release|Any CPU
		{AF38DE64-DA44-4DF5-9C9F-A91B00546883}.Release|iPhoneSimulator.Build.0 = Release|Any CPU
		{AF38DE64-DA44-4DF5-9C9F-A91B00546883}.Release|x64.ActiveCfg = Release|Any CPU
		{AF38DE64-DA44-4DF5-9C9F-A91B00546883}.Release|x64.Build.0 = Release|Any CPU
		{AF38DE64-DA44-4DF5-9C9F-A91B00546883}.Release|x86.ActiveCfg = Release|Any CPU
		{AF38DE64-DA44-4DF5-9C9F-A91B00546883}.Release|x86.Build.0 = Release|Any CPU
		{A70B89A0-8A28-4EFE-B8EA-94A49B0FF968}.Ad-Hoc|Any CPU.ActiveCfg = Release|x86
		{A70B89A0-8A28-4EFE-B8EA-94A49B0FF968}.Ad-Hoc|Any CPU.Build.0 = Release|x86
		{A70B89A0-8A28-4EFE-B8EA-94A49B0FF968}.Ad-Hoc|Any CPU.Deploy.0 = Release|x86
		{A70B89A0-8A28-4EFE-B8EA-94A49B0FF968}.Ad-Hoc|ARM.ActiveCfg = Release|ARM
		{A70B89A0-8A28-4EFE-B8EA-94A49B0FF968}.Ad-Hoc|ARM.Build.0 = Release|ARM
		{A70B89A0-8A28-4EFE-B8EA-94A49B0FF968}.Ad-Hoc|ARM.Deploy.0 = Release|ARM
		{A70B89A0-8A28-4EFE-B8EA-94A49B0FF968}.Ad-Hoc|iPhone.ActiveCfg = Release|x86
		{A70B89A0-8A28-4EFE-B8EA-94A49B0FF968}.Ad-Hoc|iPhone.Build.0 = Release|x86
		{A70B89A0-8A28-4EFE-B8EA-94A49B0FF968}.Ad-Hoc|iPhone.Deploy.0 = Release|x86
		{A70B89A0-8A28-4EFE-B8EA-94A49B0FF968}.Ad-Hoc|iPhoneSimulator.ActiveCfg = Release|x86
		{A70B89A0-8A28-4EFE-B8EA-94A49B0FF968}.Ad-Hoc|iPhoneSimulator.Build.0 = Release|x86
		{A70B89A0-8A28-4EFE-B8EA-94A49B0FF968}.Ad-Hoc|iPhoneSimulator.Deploy.0 = Release|x86
		{A70B89A0-8A28-4EFE-B8EA-94A49B0FF968}.Ad-Hoc|x64.ActiveCfg = Release|x64
		{A70B89A0-8A28-4EFE-B8EA-94A49B0FF968}.Ad-Hoc|x64.Build.0 = Release|x64
		{A70B89A0-8A28-4EFE-B8EA-94A49B0FF968}.Ad-Hoc|x64.Deploy.0 = Release|x64
		{A70B89A0-8A28-4EFE-B8EA-94A49B0FF968}.Ad-Hoc|x86.ActiveCfg = Release|x86
		{A70B89A0-8A28-4EFE-B8EA-94A49B0FF968}.Ad-Hoc|x86.Build.0 = Release|x86
		{A70B89A0-8A28-4EFE-B8EA-94A49B0FF968}.Ad-Hoc|x86.Deploy.0 = Release|x86
		{A70B89A0-8A28-4EFE-B8EA-94A49B0FF968}.AppStore|Any CPU.ActiveCfg = Release|x86
		{A70B89A0-8A28-4EFE-B8EA-94A49B0FF968}.AppStore|Any CPU.Build.0 = Release|x86
		{A70B89A0-8A28-4EFE-B8EA-94A49B0FF968}.AppStore|Any CPU.Deploy.0 = Release|x86
		{A70B89A0-8A28-4EFE-B8EA-94A49B0FF968}.AppStore|ARM.ActiveCfg = Release|ARM
		{A70B89A0-8A28-4EFE-B8EA-94A49B0FF968}.AppStore|ARM.Build.0 = Release|ARM
		{A70B89A0-8A28-4EFE-B8EA-94A49B0FF968}.AppStore|ARM.Deploy.0 = Release|ARM
		{A70B89A0-8A28-4EFE-B8EA-94A49B0FF968}.AppStore|iPhone.ActiveCfg = Release|x86
		{A70B89A0-8A28-4EFE-B8EA-94A49B0FF968}.AppStore|iPhone.Build.0 = Release|x86
		{A70B89A0-8A28-4EFE-B8EA-94A49B0FF968}.AppStore|iPhone.Deploy.0 = Release|x86
		{A70B89A0-8A28-4EFE-B8EA-94A49B0FF968}.AppStore|iPhoneSimulator.ActiveCfg = Release|x86
		{A70B89A0-8A28-4EFE-B8EA-94A49B0FF968}.AppStore|iPhoneSimulator.Build.0 = Release|x86
		{A70B89A0-8A28-4EFE-B8EA-94A49B0FF968}.AppStore|iPhoneSimulator.Deploy.0 = Release|x86
		{A70B89A0-8A28-4EFE-B8EA-94A49B0FF968}.AppStore|x64.ActiveCfg = Release|x64
		{A70B89A0-8A28-4EFE-B8EA-94A49B0FF968}.AppStore|x64.Build.0 = Release|x64
		{A70B89A0-8A28-4EFE-B8EA-94A49B0FF968}.AppStore|x64.Deploy.0 = Release|x64
		{A70B89A0-8A28-4EFE-B8EA-94A49B0FF968}.AppStore|x86.ActiveCfg = Release|x86
		{A70B89A0-8A28-4EFE-B8EA-94A49B0FF968}.AppStore|x86.Build.0 = Release|x86
		{A70B89A0-8A28-4EFE-B8EA-94A49B0FF968}.AppStore|x86.Deploy.0 = Release|x86
		{A70B89A0-8A28-4EFE-B8EA-94A49B0FF968}.Debug|Any CPU.ActiveCfg = Debug|x86
		{A70B89A0-8A28-4EFE-B8EA-94A49B0FF968}.Debug|ARM.ActiveCfg = Debug|ARM
		{A70B89A0-8A28-4EFE-B8EA-94A49B0FF968}.Debug|ARM.Build.0 = Debug|ARM
		{A70B89A0-8A28-4EFE-B8EA-94A49B0FF968}.Debug|ARM.Deploy.0 = Debug|ARM
		{A70B89A0-8A28-4EFE-B8EA-94A49B0FF968}.Debug|iPhone.ActiveCfg = Debug|x86
		{A70B89A0-8A28-4EFE-B8EA-94A49B0FF968}.Debug|iPhoneSimulator.ActiveCfg = Debug|x86
		{A70B89A0-8A28-4EFE-B8EA-94A49B0FF968}.Debug|x64.ActiveCfg = Debug|x64
		{A70B89A0-8A28-4EFE-B8EA-94A49B0FF968}.Debug|x64.Build.0 = Debug|x64
		{A70B89A0-8A28-4EFE-B8EA-94A49B0FF968}.Debug|x64.Deploy.0 = Debug|x64
		{A70B89A0-8A28-4EFE-B8EA-94A49B0FF968}.Debug|x86.ActiveCfg = Debug|x86
		{A70B89A0-8A28-4EFE-B8EA-94A49B0FF968}.Debug|x86.Build.0 = Debug|x86
		{A70B89A0-8A28-4EFE-B8EA-94A49B0FF968}.Debug|x86.Deploy.0 = Debug|x86
		{A70B89A0-8A28-4EFE-B8EA-94A49B0FF968}.Release|Any CPU.ActiveCfg = Release|x86
		{A70B89A0-8A28-4EFE-B8EA-94A49B0FF968}.Release|ARM.ActiveCfg = Release|ARM
		{A70B89A0-8A28-4EFE-B8EA-94A49B0FF968}.Release|ARM.Build.0 = Release|ARM
		{A70B89A0-8A28-4EFE-B8EA-94A49B0FF968}.Release|ARM.Deploy.0 = Release|ARM
		{A70B89A0-8A28-4EFE-B8EA-94A49B0FF968}.Release|iPhone.ActiveCfg = Release|x86
		{A70B89A0-8A28-4EFE-B8EA-94A49B0FF968}.Release|iPhoneSimulator.ActiveCfg = Release|x86
		{A70B89A0-8A28-4EFE-B8EA-94A49B0FF968}.Release|x64.ActiveCfg = Release|x64
		{A70B89A0-8A28-4EFE-B8EA-94A49B0FF968}.Release|x64.Build.0 = Release|x64
		{A70B89A0-8A28-4EFE-B8EA-94A49B0FF968}.Release|x64.Deploy.0 = Release|x64
		{A70B89A0-8A28-4EFE-B8EA-94A49B0FF968}.Release|x86.ActiveCfg = Release|x86
		{A70B89A0-8A28-4EFE-B8EA-94A49B0FF968}.Release|x86.Build.0 = Release|x86
		{A70B89A0-8A28-4EFE-B8EA-94A49B0FF968}.Release|x86.Deploy.0 = Release|x86
		{F1E9964D-A59F-41E1-A21A-3959EF382195}.Ad-Hoc|Any CPU.ActiveCfg = Ad-Hoc|iPhone
		{F1E9964D-A59F-41E1-A21A-3959EF382195}.Ad-Hoc|ARM.ActiveCfg = Ad-Hoc|iPhone
		{F1E9964D-A59F-41E1-A21A-3959EF382195}.Ad-Hoc|iPhone.ActiveCfg = Ad-Hoc|iPhone
		{F1E9964D-A59F-41E1-A21A-3959EF382195}.Ad-Hoc|iPhone.Build.0 = Ad-Hoc|iPhone
		{F1E9964D-A59F-41E1-A21A-3959EF382195}.Ad-Hoc|iPhoneSimulator.ActiveCfg = Ad-Hoc|iPhoneSimulator
		{F1E9964D-A59F-41E1-A21A-3959EF382195}.Ad-Hoc|iPhoneSimulator.Build.0 = Ad-Hoc|iPhoneSimulator
		{F1E9964D-A59F-41E1-A21A-3959EF382195}.Ad-Hoc|x64.ActiveCfg = Ad-Hoc|iPhone
		{F1E9964D-A59F-41E1-A21A-3959EF382195}.Ad-Hoc|x86.ActiveCfg = Ad-Hoc|iPhone
		{F1E9964D-A59F-41E1-A21A-3959EF382195}.AppStore|Any CPU.ActiveCfg = AppStore|iPhone
		{F1E9964D-A59F-41E1-A21A-3959EF382195}.AppStore|ARM.ActiveCfg = AppStore|iPhone
		{F1E9964D-A59F-41E1-A21A-3959EF382195}.AppStore|iPhone.ActiveCfg = AppStore|iPhone
		{F1E9964D-A59F-41E1-A21A-3959EF382195}.AppStore|iPhone.Build.0 = AppStore|iPhone
		{F1E9964D-A59F-41E1-A21A-3959EF382195}.AppStore|iPhoneSimulator.ActiveCfg = AppStore|iPhoneSimulator
		{F1E9964D-A59F-41E1-A21A-3959EF382195}.AppStore|iPhoneSimulator.Build.0 = AppStore|iPhoneSimulator
		{F1E9964D-A59F-41E1-A21A-3959EF382195}.AppStore|x64.ActiveCfg = AppStore|iPhone
		{F1E9964D-A59F-41E1-A21A-3959EF382195}.AppStore|x86.ActiveCfg = AppStore|iPhone
		{F1E9964D-A59F-41E1-A21A-3959EF382195}.Debug|Any CPU.ActiveCfg = Debug|iPhone
		{F1E9964D-A59F-41E1-A21A-3959EF382195}.Debug|ARM.ActiveCfg = Debug|iPhone
		{F1E9964D-A59F-41E1-A21A-3959EF382195}.Debug|iPhone.ActiveCfg = Debug|iPhone
		{F1E9964D-A59F-41E1-A21A-3959EF382195}.Debug|iPhone.Build.0 = Debug|iPhone
		{F1E9964D-A59F-41E1-A21A-3959EF382195}.Debug|iPhoneSimulator.ActiveCfg = Debug|iPhoneSimulator
		{F1E9964D-A59F-41E1-A21A-3959EF382195}.Debug|iPhoneSimulator.Build.0 = Debug|iPhoneSimulator
		{F1E9964D-A59F-41E1-A21A-3959EF382195}.Debug|x64.ActiveCfg = Debug|iPhone
		{F1E9964D-A59F-41E1-A21A-3959EF382195}.Debug|x86.ActiveCfg = Debug|iPhone
		{F1E9964D-A59F-41E1-A21A-3959EF382195}.Release|Any CPU.ActiveCfg = Release|iPhone
		{F1E9964D-A59F-41E1-A21A-3959EF382195}.Release|ARM.ActiveCfg = Release|iPhone
		{F1E9964D-A59F-41E1-A21A-3959EF382195}.Release|iPhone.ActiveCfg = Release|iPhone
		{F1E9964D-A59F-41E1-A21A-3959EF382195}.Release|iPhone.Build.0 = Release|iPhone
		{F1E9964D-A59F-41E1-A21A-3959EF382195}.Release|iPhoneSimulator.ActiveCfg = Release|iPhoneSimulator
		{F1E9964D-A59F-41E1-A21A-3959EF382195}.Release|iPhoneSimulator.Build.0 = Release|iPhoneSimulator
		{F1E9964D-A59F-41E1-A21A-3959EF382195}.Release|x64.ActiveCfg = Release|iPhone
		{F1E9964D-A59F-41E1-A21A-3959EF382195}.Release|x86.ActiveCfg = Release|iPhone
	EndGlobalSection
	GlobalSection(SolutionProperties) = preSolution
		HideSolutionNode = FALSE
	EndGlobalSection
EndGlobal
